
Microsoft Visual Studio Solution File, Format Version 12.00
# Visual Studio Version 17
VisualStudioVersion = 17.5.002.0
MinimumVisualStudioVersion = 10.0.40219.1
Project("{9A19103F-16F7-4668-BE54-9A1E7A4F7556}") = "ProAtividade.API", "ProAtividade.API.csproj", "{6B56B837-4D92-4790-BB97-FB94C70C56FE}"
EndProject
Global
	GlobalSection(SolutionConfigurationPlatforms) = preSolution
		Debug|Any CPU = Debug|Any CPU
		Release|Any CPU = Release|Any CPU
	EndGlobalSection
	GlobalSection(ProjectConfigurationPlatforms) = postSolution
		{6B56B837-4D92-4790-BB97-FB94C70C56FE}.Debug|Any CPU.ActiveCfg = Debug|Any CPU
		{6B56B837-4D92-4790-BB97-FB94C70C56FE}.Debug|Any CPU.Build.0 = Debug|Any CPU
		{6B56B837-4D92-4790-BB97-FB94C70C56FE}.Release|Any CPU.ActiveCfg = Release|Any CPU
		{6B56B837-4D92-4790-BB97-FB94C70C56FE}.Release|Any CPU.Build.0 = Release|Any CPU
	EndGlobalSection
	GlobalSection(SolutionProperties) = preSolution
		HideSolutionNode = FALSE
	EndGlobalSection
	GlobalSection(ExtensibilityGlobals) = postSolution
		SolutionGuid = {5A650EBC-90D1-424E-A377-099344F97256}
	EndGlobalSection
EndGlobal
